{
    "name": "mi-log",
    "version": "1.0.0",
    "lockfileVersion": 3,
    "requires": true,
    "packages": {
        "": {
            "name": "mi-log",
            "version": "1.0.0",
            "devDependencies": {
                "@types/node": "^18.11.11",
                "@types/vscode": "^1.73.0",
                "typescript": "^4.9.3"
            },
            "engines": {
                "vscode": "^1.73.0"
            }
        },
        "node_modules/@types/node": {
            "version": "18.19.23",
            "resolved": "https://registry.npmjs.org/@types/node/-/node-18.19.23.tgz",
            "integrity": "sha512-wtE3d0OUfNKtZYAqZb8HAWGxxXsImJcPUAgZNw+dWFxO6s5tIwIjyKnY76tsTatsNCLJPkVYwUpq15D38ng9Aw==",
            "dev": true,
            "dependencies": {
                "undici-types": "~5.26.4"
            }
        },
        "node_modules/@types/vscode": {
            "version": "1.87.0",
            "resolved": "https://registry.npmjs.org/@types/vscode/-/vscode-1.87.0.tgz",
            "integrity": "sha512-y3yYJV2esWr8LNjp3VNbSMWG7Y43jC8pCldG8YwiHGAQbsymkkMMt0aDT1xZIOFM2eFcNiUc+dJMx1+Z0UT8fg==",
            "dev": true
        },
        "node_modules/typescript": {
            "version": "4.9.5",
            "resolved": "https://registry.npmjs.org/typescript/-/typescript-4.9.5.tgz",
            "integrity": "sha512-1FXk9E2Hm+QzZQ7z+McJiHL4NW1F2EzMu9Nq9i3zAaGqibafqYwCVU6WyWAuyQRRzOlxou8xZSyXLEN8oKj24g==",
            "dev": true,
            "bin": {
                "tsc": "bin/tsc",
                "tsserver": "bin/tsserver"
            },
            "engines": {
                "node": ">=4.2.0"
            }
        },
        "node_modules/undici-types": {
            "version": "5.26.5",
            "resolved": "https://registry.npmjs.org/undici-types/-/undici-types-5.26.5.tgz",
            "integrity": "sha512-JlCMO+ehdEIKqlFxk6IfVoAUVmgz7cU7zD/h9XZ0qzeosSHmUJVOzSQvvYSYWXkFXC+IfLKSIffhv0sVZup6pA==",
            "dev": true
        }
    }
}
